{
    "_readme": [
        "This file locks the dependencies of your project to a known state",
        "Read more about it at https://getcomposer.org/doc/01-basic-usage.md#installing-dependencies",
        "This file is @generated automatically"
    ],
    "content-hash": "f13fece06fca49d193167f725a4cf261",
    "packages": [
        {
            "name": "league/csv",
            "version": "9.6.1",
            "source": {
                "type": "git",
                "url": "https://github.com/thephpleague/csv.git",
                "reference": "634322df4aed210fdfbb7c94e434dc860da733d9"
            },
            "dist": {
                "type": "zip",
                "url": "https://api.github.com/repos/thephpleague/csv/zipball/634322df4aed210fdfbb7c94e434dc860da733d9",
                "reference": "634322df4aed210fdfbb7c94e434dc860da733d9",
                "shasum": ""
            },
            "require": {
                "ext-json": "*",
                "ext-mbstring": "*",
                "php": "^7.2.5"
            },
            "require-dev": {
                "ext-curl": "*",
                "ext-dom": "*",
                "friendsofphp/php-cs-fixer": "^2.16",
                "phpstan/phpstan": "^0.12.0",
                "phpstan/phpstan-phpunit": "^0.12.0",
                "phpstan/phpstan-strict-rules": "^0.12.0",
                "phpunit/phpunit": "^8.5"
            },
            "suggest": {
                "ext-dom": "Required to use the XMLConverter and or the HTMLConverter classes",
                "ext-iconv": "Needed to ease transcoding CSV using iconv stream filters"
            },
            "type": "library",
            "extra": {
                "branch-alias": {
                    "dev-master": "9.x-dev"
                }
            },
            "autoload": {
                "psr-4": {
                    "League\\Csv\\": "src"
                },
                "files": [
                    "src/functions_include.php"
                ]
            },
            "notification-url": "https://packagist.org/downloads/",
            "license": [
                "MIT"
            ],
            "authors": [
                {
                    "name": "Ignace Nyamagana Butera",
                    "email": "nyamsprod@gmail.com",
                    "homepage": "https://github.com/nyamsprod/",
                    "role": "Developer"
                }
            ],
            "description": "CSV data manipulation made easy in PHP",
            "homepage": "http://csv.thephpleague.com",
            "keywords": [
                "convert",
                "csv",
                "export",
                "filter",
                "import",
                "read",
                "transform",
                "write"
            ],
            "funding": [
                {
                    "url": "https://github.com/sponsors/nyamsprod",
                    "type": "github"
                }
            ],
            "time": "2020-09-05T08:40:12+00:00"
        },
        {
            "name": "psr/container",
            "version": "1.0.0",
            "source": {
                "type": "git",
                "url": "https://github.com/php-fig/container.git",
                "reference": "b7ce3b176482dbbc1245ebf52b181af44c2cf55f"
            },
            "dist": {
                "type": "zip",
                "url": "https://api.github.com/repos/php-fig/container/zipball/b7ce3b176482dbbc1245ebf52b181af44c2cf55f",
                "reference": "b7ce3b176482dbbc1245ebf52b181af44c2cf55f",
                "shasum": ""
            },
            "require": {
                "php": ">=5.3.0"
            },
            "type": "library",
            "extra": {
                "branch-alias": {
                    "dev-master": "1.0.x-dev"
                }
            },
            "autoload": {
                "psr-4": {
                    "Psr\\Container\\": "src/"
                }
            },
            "notification-url": "https://packagist.org/downloads/",
            "license": [
                "MIT"
            ],
            "authors": [
                {
                    "name": "PHP-FIG",
                    "homepage": "http://www.php-fig.org/"
                }
            ],
            "description": "Common Container Interface (PHP FIG PSR-11)",
            "homepage": "https://github.com/php-fig/container",
            "keywords": [
                "PSR-11",
                "container",
                "container-interface",
                "container-interop",
                "psr"
            ],
            "time": "2017-02-14T16:28:37+00:00"
        },
        {
            "name": "symfony/console",
            "version": "v4.4.15",
            "source": {
                "type": "git",
                "url": "https://github.com/symfony/console.git",
                "reference": "90933b39c7b312fc3ceaa1ddeac7eb48cb953124"
            },
            "dist": {
                "type": "zip",
                "url": "https://api.github.com/repos/symfony/console/zipball/90933b39c7b312fc3ceaa1ddeac7eb48cb953124",
                "reference": "90933b39c7b312fc3ceaa1ddeac7eb48cb953124",
                "shasum": ""
            },
            "require": {
                "php": ">=7.1.3",
                "symfony/polyfill-mbstring": "~1.0",
                "symfony/polyfill-php73": "^1.8",
                "symfony/polyfill-php80": "^1.15",
                "symfony/service-contracts": "^1.1|^2"
            },
            "conflict": {
                "symfony/dependency-injection": "<3.4",
                "symfony/event-dispatcher": "<4.3|>=5",
                "symfony/lock": "<4.4",
                "symfony/process": "<3.3"
            },
            "provide": {
                "psr/log-implementation": "1.0"
            },
            "require-dev": {
                "psr/log": "~1.0",
                "symfony/config": "^3.4|^4.0|^5.0",
                "symfony/dependency-injection": "^3.4|^4.0|^5.0",
                "symfony/event-dispatcher": "^4.3",
                "symfony/lock": "^4.4|^5.0",
                "symfony/process": "^3.4|^4.0|^5.0",
                "symfony/var-dumper": "^4.3|^5.0"
            },
            "suggest": {
                "psr/log": "For using the console logger",
                "symfony/event-dispatcher": "",
                "symfony/lock": "",
                "symfony/process": ""
            },
            "type": "library",
            "extra": {
                "branch-alias": {
                    "dev-master": "4.4-dev"
                }
            },
            "autoload": {
                "psr-4": {
                    "Symfony\\Component\\Console\\": ""
                },
                "exclude-from-classmap": [
                    "/Tests/"
                ]
            },
            "notification-url": "https://packagist.org/downloads/",
            "license": [
                "MIT"
            ],
            "authors": [
                {
                    "name": "Fabien Potencier",
                    "email": "fabien@symfony.com"
                },
                {
                    "name": "Symfony Community",
                    "homepage": "https://symfony.com/contributors"
                }
            ],
            "description": "Symfony Console Component",
            "homepage": "https://symfony.com",
            "funding": [
                {
                    "url": "https://symfony.com/sponsor",
                    "type": "custom"
                },
                {
                    "url": "https://github.com/fabpot",
                    "type": "github"
                },
                {
                    "url": "https://tidelift.com/funding/github/packagist/symfony/symfony",
                    "type": "tidelift"
                }
            ],
            "time": "2020-09-15T07:58:55+00:00"
        },
        {
            "name": "symfony/polyfill-mbstring",
            "version": "v1.19.0",
            "source": {
                "type": "git",
                "url": "https://github.com/symfony/polyfill-mbstring.git",
                "reference": "b5f7b932ee6fa802fc792eabd77c4c88084517ce"
            },
            "dist": {
                "type": "zip",
                "url": "https://api.github.com/repos/symfony/polyfill-mbstring/zipball/b5f7b932ee6fa802fc792eabd77c4c88084517ce",
                "reference": "b5f7b932ee6fa802fc792eabd77c4c88084517ce",
                "shasum": ""
            },
            "require": {
                "php": ">=5.3.3"
            },
            "suggest": {
                "ext-mbstring": "For best performance"
            },
            "type": "library",
            "extra": {
                "branch-alias": {
                    "dev-main": "1.19-dev"
                },
                "thanks": {
                    "name": "symfony/polyfill",
                    "url": "https://github.com/symfony/polyfill"
                }
            },
            "autoload": {
                "psr-4": {
                    "Symfony\\Polyfill\\Mbstring\\": ""
                },
                "files": [
                    "bootstrap.php"
                ]
            },
            "notification-url": "https://packagist.org/downloads/",
            "license": [
                "MIT"
            ],
            "authors": [
                {
                    "name": "Nicolas Grekas",
                    "email": "p@tchwork.com"
                },
                {
                    "name": "Symfony Community",
                    "homepage": "https://symfony.com/contributors"
                }
            ],
            "description": "Symfony polyfill for the Mbstring extension",
            "homepage": "https://symfony.com",
            "keywords": [
                "compatibility",
                "mbstring",
                "polyfill",
                "portable",
                "shim"
            ],
            "funding": [
                {
                    "url": "https://symfony.com/sponsor",
                    "type": "custom"
                },
                {
                    "url": "https://github.com/fabpot",
                    "type": "github"
                },
                {
                    "url": "https://tidelift.com/funding/github/packagist/symfony/symfony",
                    "type": "tidelift"
                }
            ],
            "time": "2020-10-23T09:01:57+00:00"
        },
        {
            "name": "symfony/polyfill-php73",
            "version": "v1.19.0",
            "source": {
                "type": "git",
                "url": "https://github.com/symfony/polyfill-php73.git",
                "reference": "9d920e3218205554171b2503bb3e4a1366824a16"
            },
            "dist": {
                "type": "zip",
                "url": "https://api.github.com/repos/symfony/polyfill-php73/zipball/9d920e3218205554171b2503bb3e4a1366824a16",
                "reference": "9d920e3218205554171b2503bb3e4a1366824a16",
                "shasum": ""
            },
            "require": {
                "php": ">=5.3.3"
            },
            "type": "library",
            "extra": {
                "branch-alias": {
                    "dev-main": "1.19-dev"
                },
                "thanks": {
                    "name": "symfony/polyfill",
                    "url": "https://github.com/symfony/polyfill"
                }
            },
            "autoload": {
                "psr-4": {
                    "Symfony\\Polyfill\\Php73\\": ""
                },
                "files": [
                    "bootstrap.php"
                ],
                "classmap": [
                    "Resources/stubs"
                ]
            },
            "notification-url": "https://packagist.org/downloads/",
            "license": [
                "MIT"
            ],
            "authors": [
                {
                    "name": "Nicolas Grekas",
                    "email": "p@tchwork.com"
                },
                {
                    "name": "Symfony Community",
                    "homepage": "https://symfony.com/contributors"
                }
            ],
            "description": "Symfony polyfill backporting some PHP 7.3+ features to lower PHP versions",
            "homepage": "https://symfony.com",
            "keywords": [
                "compatibility",
                "polyfill",
                "portable",
                "shim"
            ],
            "funding": [
                {
                    "url": "https://symfony.com/sponsor",
                    "type": "custom"
                },
                {
                    "url": "https://github.com/fabpot",
                    "type": "github"
                },
                {
                    "url": "https://tidelift.com/funding/github/packagist/symfony/symfony",
                    "type": "tidelift"
                }
            ],
            "time": "2020-10-23T09:01:57+00:00"
        },
        {
            "name": "symfony/polyfill-php80",
            "version": "v1.19.0",
            "source": {
                "type": "git",
                "url": "https://github.com/symfony/polyfill-php80.git",
                "reference": "f54ef00f4678f348f133097fa8c3701d197ff44d"
            },
            "dist": {
                "type": "zip",
                "url": "https://api.github.com/repos/symfony/polyfill-php80/zipball/f54ef00f4678f348f133097fa8c3701d197ff44d",
                "reference": "f54ef00f4678f348f133097fa8c3701d197ff44d",
                "shasum": ""
            },
            "require": {
                "php": ">=7.0.8"
            },
            "type": "library",
            "extra": {
                "branch-alias": {
                    "dev-main": "1.19-dev"
                },
                "thanks": {
                    "name": "symfony/polyfill",
                    "url": "https://github.com/symfony/polyfill"
                }
            },
            "autoload": {
                "psr-4": {
                    "Symfony\\Polyfill\\Php80\\": ""
                },
                "files": [
                    "bootstrap.php"
                ],
                "classmap": [
                    "Resources/stubs"
                ]
            },
            "notification-url": "https://packagist.org/downloads/",
            "license": [
                "MIT"
            ],
            "authors": [
                {
                    "name": "Ion Bazan",
                    "email": "ion.bazan@gmail.com"
                },
                {
                    "name": "Nicolas Grekas",
                    "email": "p@tchwork.com"
                },
                {
                    "name": "Symfony Community",
                    "homepage": "https://symfony.com/contributors"
                }
            ],
            "description": "Symfony polyfill backporting some PHP 8.0+ features to lower PHP versions",
            "homepage": "https://symfony.com",
            "keywords": [
                "compatibility",
                "polyfill",
                "portable",
                "shim"
            ],
            "funding": [
                {
                    "url": "https://symfony.com/sponsor",
                    "type": "custom"
                },
                {
                    "url": "https://github.com/fabpot",
                    "type": "github"
                },
                {
                    "url": "https://tidelift.com/funding/github/packagist/symfony/symfony",
                    "type": "tidelift"
                }
            ],
            "time": "2020-10-23T09:01:57+00:00"
        },
        {
            "name": "symfony/service-contracts",
            "version": "v2.2.0",
            "source": {
                "type": "git",
                "url": "https://github.com/symfony/service-contracts.git",
                "reference": "d15da7ba4957ffb8f1747218be9e1a121fd298a1"
            },
            "dist": {
                "type": "zip",
                "url": "https://api.github.com/repos/symfony/service-contracts/zipball/d15da7ba4957ffb8f1747218be9e1a121fd298a1",
                "reference": "d15da7ba4957ffb8f1747218be9e1a121fd298a1",
                "shasum": ""
            },
            "require": {
                "php": ">=7.2.5",
                "psr/container": "^1.0"
            },
            "suggest": {
                "symfony/service-implementation": ""
            },
            "type": "library",
            "extra": {
                "branch-alias": {
                    "dev-master": "2.2-dev"
                },
                "thanks": {
                    "name": "symfony/contracts",
                    "url": "https://github.com/symfony/contracts"
                }
            },
            "autoload": {
                "psr-4": {
                    "Symfony\\Contracts\\Service\\": ""
                }
            },
            "notification-url": "https://packagist.org/downloads/",
            "license": [
                "MIT"
            ],
            "authors": [
                {
                    "name": "Nicolas Grekas",
                    "email": "p@tchwork.com"
                },
                {
                    "name": "Symfony Community",
                    "homepage": "https://symfony.com/contributors"
                }
            ],
            "description": "Generic abstractions related to writing services",
            "homepage": "https://symfony.com",
            "keywords": [
                "abstractions",
                "contracts",
                "decoupling",
                "interfaces",
                "interoperability",
                "standards"
            ],
            "funding": [
                {
                    "url": "https://symfony.com/sponsor",
                    "type": "custom"
                },
                {
                    "url": "https://github.com/fabpot",
                    "type": "github"
                },
                {
                    "url": "https://tidelift.com/funding/github/packagist/symfony/symfony",
                    "type": "tidelift"
                }
            ],
            "time": "2020-09-07T11:33:47+00:00"
        }
    ],
    "packages-dev": [],
    "aliases": [],
    "minimum-stability": "stable",
    "stability-flags": [],
    "prefer-stable": false,
    "prefer-lowest": false,
    "platform": [],
    "platform-dev": [],
    "plugin-api-version": "1.1.0"
}
